# Resolved dependency set; refreshed 2026-09-17 for MARSEL ROAPP control-agent consistency.
# Production builds consume this file; direct Google and MCP dependencies are pinned here.
# CI verification gate: confirm the full dependency graph before production release.
PyJWT==2.13.0

# existing locked dependencies
